
Microsoft Visual Studio Solution File, Format Version 12.00
# Visual Studio Version 17
VisualStudioVersion = 17.9.34616.47
MinimumVisualStudioVersion = 10.0.40219.1
Project("{FAE04EC0-301F-11D3-BF4B-00C04F79EFBC}") = "ESGI181", "ESGI181\ESGI181.csproj", "{2F94C3C0-FDF8-4C5F-BFA7-381D17D7850C}"
EndProject
Global
	GlobalSection(SolutionConfigurationPlatforms) = preSolution
		Debug|Any CPU = Debug|Any CPU
		Release|Any CPU = Release|Any CPU
	EndGlobalSection
	GlobalSection(ProjectConfigurationPlatforms) = postSolution
		{2F94C3C0-FDF8-4C5F-BFA7-381D17D7850C}.Debug|Any CPU.ActiveCfg = Debug|Any CPU
		{2F94C3C0-FDF8-4C5F-BFA7-381D17D7850C}.Debug|Any CPU.Build.0 = Debug|Any CPU
		{2F94C3C0-FDF8-4C5F-BFA7-381D17D7850C}.Release|Any CPU.ActiveCfg = Release|Any CPU
		{2F94C3C0-FDF8-4C5F-BFA7-381D17D7850C}.Release|Any CPU.Build.0 = Release|Any CPU
	EndGlobalSection
	GlobalSection(SolutionProperties) = preSolution
		HideSolutionNode = FALSE
	EndGlobalSection
	GlobalSection(ExtensibilityGlobals) = postSolution
		SolutionGuid = {7C44759F-73C1-4BD6-B527-A6437BB33F2D}
	EndGlobalSection
EndGlobal
